{
  "name": "ngx-select2",
  "version": "0.0.4",
  "lockfileVersion": 1,
  "requires": true,
  "dependencies": {
    "@angular/common": {
      "version": "4.2.4",
      "resolved": "https://registry.npmjs.org/@angular/common/-/common-4.2.4.tgz",
      "integrity": "sha1-m37g5pKrAxkafNmvMx0PSS087+s=",
      "dev": true,
      "requires": {
        "tslib": "1.7.1"
      }
    },
    "@angular/core": {
      "version": "4.2.4",
      "resolved": "http://registry.npm.taobao.org/@angular/core/download/@angular/core-4.2.4.tgz",
      "integrity": "sha1-6N96jdXeWjJ3hN/DW12mNEKBzxs=",
      "dev": true,
      "requires": {
        "tslib": "1.7.1"
      }
    },
    "@angular/forms": {
      "version": "4.2.4",
      "resolved": "http://registry.npm.taobao.org/@angular/forms/download/@angular/forms-4.2.4.tgz",
      "integrity": "sha1-rgl1UzLqRj9WHfAarCvTaeXTXck=",
      "dev": true,
      "requires": {
        "tslib": "1.7.1"
      }
    },
    "rxjs": {
      "version": "5.4.1",
      "resolved": "https://registry.npmjs.org/rxjs/-/rxjs-5.4.1.tgz",
      "integrity": "sha1-ti91fyeURdJloYpY+wpw3JDpFiY=",
      "dev": true,
      "requires": {
        "symbol-observable": "1.0.4"
      }
    },
    "symbol-observable": {
      "version": "1.0.4",
      "resolved": "https://registry.npmjs.org/symbol-observable/-/symbol-observable-1.0.4.tgz",
      "integrity": "sha1-Kb9hXUqnEhvdiYsi1LP5vE4qoD0=",
      "dev": true
    },
    "tslib": {
      "version": "1.7.1",
      "resolved": "http://registry.npm.taobao.org/tslib/download/tslib-1.7.1.tgz",
      "integrity": "sha1-vIAEFkaRkjp5/oN4u+s9ogF1OOw=",
      "dev": true
    }
  }
}
